
Microsoft Visual Studio Solution File, Format Version 12.00
# Visual Studio Version 17
VisualStudioVersion = 17.14.36109.1 d17.14
MinimumVisualStudioVersion = 10.0.40219.1
Project("{FAE04EC0-301F-11D3-BF4B-00C04F79EFBC}") = "CSharp", "CSharp.csproj", "{27D79ADF-144A-4AB8-A83C-ABF1EED9B2EE}"
EndProject
Global
	GlobalSection(SolutionConfigurationPlatforms) = preSolution
		Debug|Any CPU = Debug|Any CPU
		Release|Any CPU = Release|Any CPU
	EndGlobalSection
	GlobalSection(ProjectConfigurationPlatforms) = postSolution
		{27D79ADF-144A-4AB8-A83C-ABF1EED9B2EE}.Debug|Any CPU.ActiveCfg = Debug|Any CPU
		{27D79ADF-144A-4AB8-A83C-ABF1EED9B2EE}.Debug|Any CPU.Build.0 = Debug|Any CPU
		{27D79ADF-144A-4AB8-A83C-ABF1EED9B2EE}.Release|Any CPU.ActiveCfg = Release|Any CPU
		{27D79ADF-144A-4AB8-A83C-ABF1EED9B2EE}.Release|Any CPU.Build.0 = Release|Any CPU
	EndGlobalSection
	GlobalSection(SolutionProperties) = preSolution
		HideSolutionNode = FALSE
	EndGlobalSection
	GlobalSection(ExtensibilityGlobals) = postSolution
		SolutionGuid = {2FEF1D3C-599F-41FE-A013-824B43DE0A20}
	EndGlobalSection
EndGlobal
